// !$*UTF8*$!
{
	archiveVersion = 1;
	classes = {
	};
	objectVersion = 55;
	objects = {

/* Begin PBXBuildFile section */
		AFCAD2CF2743B30A00B158C9 /* AppDelegate.swift in Sources */ = {isa = PBXBuildFile; fileRef = AFCAD2CE2743B30A00B158C9 /* AppDelegate.swift */; };
		AFCAD2D12743B30A00B158C9 /* SceneDelegate.swift in Sources */ = {isa = PBXBuildFile; fileRef = AFCAD2D02743B30A00B158C9 /* SceneDelegate.swift */; };
		AFCAD2D32743B30A00B158C9 /* ViewController.swift in Sources */ = {isa = PBXBuildFile; fileRef = AFCAD2D22743B30A00B158C9 /* ViewController.swift */; };
		AFCAD2D62743B30A00B158C9 /* Main.storyboard in Resources */ = {isa = PBXBuildFile; fileRef = AFCAD2D42743B30A00B158C9 /* Main.storyboard */; };
		AFCAD2D82743B30C00B158C9 /* Assets.xcassets in Resources */ = {isa = PBXBuildFile; fileRef = AFCAD2D72743B30C00B158C9 /* Assets.xcassets */; };
		AFCAD2DB2743B30C00B158C9 /* LaunchScreen.storyboard in Resources */ = {isa = PBXBuildFile; fileRef = AFCAD2D92743B30C00B158C9 /* LaunchScreen.storyboard */; };
		AFCAD2E32743B5D900B158C9 /* FingerStartViewController.swift in Sources */ = {isa = PBXBuildFile; fileRef = AFCAD2E22743B5D900B158C9 /* FingerStartViewController.swift */; };
		AFCAD2E52743B5E400B158C9 /* FingerGameViewController.swift in Sources */ = {isa = PBXBuildFile; fileRef = AFCAD2E42743B5E400B158C9 /* FingerGameViewController.swift */; };
		AFCAD2E72743C43900B158C9 /* FingerGameView.swift in Sources */ = {isa = PBXBuildFile; fileRef = AFCAD2E62743C43900B158C9 /* FingerGameView.swift */; };
/* End PBXBuildFile section */

/* Begin PBXFileReference section */
		AFCAD2CB2743B30A00B158C9 /* FingerGame.app */ = {isa = PBXFileReference; explicitFileType = wrapper.application; includeInIndex = 0; path = FingerGame.app; sourceTree = BUILT_PRODUCTS_DIR; };
		AFCAD2CE2743B30A00B158C9 /* AppDelegate.swift */ = {isa = PBXFileReference; lastKnownFileType = sourcecode.swift; path = AppDelegate.swift; sourceTree = "<group>"; };
		AFCAD2D02743B30A00B158C9 /* SceneDelegate.swift */ = {isa = PBXFileReference; lastKnownFileType = sourcecode.swift; path = SceneDelegate.swift; sourceTree = "<group>"; };
		AFCAD2D22743B30A00B158C9 /* ViewController.swift */ = {isa = PBXFileReference; lastKnownFileType = sourcecode.swift; path = ViewController.swift; sourceTree = "<group>"; };
		AFCAD2D52743B30A00B158C9 /* Base */ = {isa = PBXFileReference; lastKnownFileType = file.storyboard; name = Base; path = Base.lproj/Main.storyboard; sourceTree = "<group>"; };
		AFCAD2D72743B30C00B158C9 /* Assets.xcassets */ = {isa = PBXFileReference; lastKnownFileType = folder.assetcatalog; path = Assets.xcassets; sourceTree = "<group>"; };
		AFCAD2DA2743B30C00B158C9 /* Base */ = {isa = PBXFileReference; lastKnownFileType = file.storyboard; name = Base; path = Base.lproj/LaunchScreen.storyboard; sourceTree = "<group>"; };
		AFCAD2DC2743B30C00B158C9 /* Info.plist */ = {isa = PBXFileReference; lastKnownFileType = text.plist.xml; path = Info.plist; sourceTree = "<group>"; };
		AFCAD2E22743B5D900B158C9 /* FingerStartViewController.swift */ = {isa = PBXFileReference; lastKnownFileType = sourcecode.swift; path = FingerStartViewController.swift; sourceTree = "<group>"; };
		AFCAD2E42743B5E400B158C9 /* FingerGameViewController.swift */ = {isa = PBXFileReference; lastKnownFileType = sourcecode.swift; path = FingerGameViewController.swift; sourceTree = "<group>"; };
		AFCAD2E62743C43900B158C9 /* FingerGameView.swift */ = {isa = PBXFileReference; lastKnownFileType = sourcecode.swift; path = FingerGameView.swift; sourceTree = "<group>"; };
/* End PBXFileReference section */

/* Begin PBXFrameworksBuildPhase section */
		AFCAD2C82743B30A00B158C9 /* Frameworks */ = {
			isa = PBXFrameworksBuildPhase;
			buildActionMask = 2147483647;
			files = (
			);
			runOnlyForDeploymentPostprocessing = 0;
		};
/* End PBXFrameworksBuildPhase section */

/* Begin PBXGroup section */
		AFCAD2C22743B30A00B158C9 = {
			isa = PBXGroup;
			children = (
				AFCAD2CD2743B30A00B158C9 /* FingerGame */,
				AFCAD2CC2743B30A00B158C9 /* Products */,
			);
			sourceTree = "<group>";
		};
		AFCAD2CC2743B30A00B158C9 /* Products */ = {
			isa = PBXGroup;
			children = (
				AFCAD2CB2743B30A00B158C9 /* FingerGame.app */,
			);
			name = Products;
			sourceTree = "<group>";
		};
		AFCAD2CD2743B30A00B158C9 /* FingerGame */ = {
			isa = PBXGroup;
			children = (
				AFCAD2CE2743B30A00B158C9 /* AppDelegate.swift */,
				AFCAD2D02743B30A00B158C9 /* SceneDelegate.swift */,
				AFCAD2D22743B30A00B158C9 /* ViewController.swift */,
				AFCAD2D42743B30A00B158C9 /* Main.storyboard */,
				AFCAD2D72743B30C00B158C9 /* Assets.xcassets */,
				AFCAD2D92743B30C00B158C9 /* LaunchScreen.storyboard */,
				AFCAD2DC2743B30C00B158C9 /* Info.plist */,
				AFCAD2E22743B5D900B158C9 /* FingerStartViewController.swift */,
				AFCAD2E42743B5E400B158C9 /* FingerGameViewController.swift */,
				AFCAD2E62743C43900B158C9 /* FingerGameView.swift */,
			);
			path = FingerGame;
			sourceTree = "<group>";
		};
/* End PBXGroup section */

/* Begin PBXNativeTarget section */
		AFCAD2CA2743B30A00B158C9 /* FingerGame */ = {
			isa = PBXNativeTarget;
			buildConfigurationList = AFCAD2DF2743B30C00B158C9 /* Build configuration list for PBXNativeTarget "FingerGame" */;
			buildPhases = (
				AFCAD2C72743B30A00B158C9 /* Sources */,
				AFCAD2C82743B30A00B158C9 /* Frameworks */,
				AFCAD2C92743B30A00B158C9 /* Resources */,
			);
			buildRules = (
			);
			dependencies = (
			);
			name = FingerGame;
			productName = FingerGame;
			productReference = AFCAD2CB2743B30A00B158C9 /* FingerGame.app */;
			productType = "com.apple.product-type.application";
		};
/* End PBXNativeTarget section */

/* Begin PBXProject section */
		AFCAD2C32743B30A00B158C9 /* Project object */ = {
			isa = PBXProject;
			attributes = {
				BuildIndependentTargetsInParallel = 1;
				LastSwiftUpdateCheck = 1310;
				LastUpgradeCheck = 1310;
				TargetAttributes = {
					AFCAD2CA2743B30A00B158C9 = {
						CreatedOnToolsVersion = 13.1;
					};
				};
			};
			buildConfigurationList = AFCAD2C62743B30A00B158C9 /* Build configuration list for PBXProject "FingerGame" */;
			compatibilityVersion = "Xcode 13.0";
			developmentRegion = en;
			hasScannedForEncodings = 0;
			knownRegions = (
				en,
				Base,
			);
			mainGroup = AFCAD2C22743B30A00B158C9;
			productRefGroup = AFCAD2CC2743B30A00B158C9 /* Products */;
			projectDirPath = "";
			projectRoot = "";
			targets = (
				AFCAD2CA2743B30A00B158C9 /* FingerGame */,
			);
		};
/* End PBXProject section */

/* Begin PBXResourcesBuildPhase section */
		AFCAD2C92743B30A00B158C9 /* Resources */ = {
			isa = PBXResourcesBuildPhase;
			buildActionMask = 2147483647;
			files = (
				AFCAD2DB2743B30C00B158C9 /* LaunchScreen.storyboard in Resources */,
				AFCAD2D82743B30C00B158C9 /* Assets.xcassets in Resources */,
				AFCAD2D62743B30A00B158C9 /* Main.storyboard in Resources */,
			);
			runOnlyForDeploymentPostprocessing = 0;
		};
/* End PBXResourcesBuildPhase section */

/* Begin PBXSourcesBuildPhase section */
		AFCAD2C72743B30A00B158C9 /* Sources */ = {
			isa = PBXSourcesBuildPhase;
			buildActionMask = 2147483647;
			files = (
				AFCAD2E52743B5E400B158C9 /* FingerGameViewController.swift in Sources */,
				AFCAD2D32743B30A00B158C9 /* ViewController.swift in Sources */,
				AFCAD2CF2743B30A00B158C9 /* AppDelegate.swift in Sources */,
				AFCAD2E72743C43900B158C9 /* FingerGameView.swift in Sources */,
				AFCAD2E32743B5D900B158C9 /* FingerStartViewController.swift in Sources */,
				AFCAD2D12743B30A00B158C9 /* SceneDelegate.swift in Sources */,
			);
			runOnlyForDeploymentPostprocessing = 0;
		};
/* End PBXSourcesBuildPhase section */

/* Begin PBXVariantGroup section */
		AFCAD2D42743B30A00B158C9 /* Main.storyboard */ = {
			isa = PBXVariantGroup;
			children = (
				AFCAD2D52743B30A00B158C9 /* Base */,
			);
			name = Main.storyboard;
			sourceTree = "<group>";
		};
		AFCAD2D92743B30C00B158C9 /* LaunchScreen.storyboard */ = {
			isa = PBXVariantGroup;
			children = (
				AFCAD2DA2743B30C00B158C9 /* Base */,
			);
			name = LaunchScreen.storyboard;
			sourceTree = "<group>";
		};
/* End PBXVariantGroup section */

/* Begin XCBuildConfiguration section */
		AFCAD2DD2743B30C00B158C9 /* Debug */ = {
			isa = XCBuildConfiguration;
			buildSettings = {
				ALWAYS_SEARCH_USER_PATHS = NO;
				CLANG_ANALYZER_NONNULL = YES;
				CLANG_ANALYZER_NUMBER_OBJECT_CONVERSION = YES_AGGRESSIVE;
				CLANG_CXX_LANGUAGE_STANDARD = "gnu++17";
				CLANG_CXX_LIBRARY = "libc++";
				CLANG_ENABLE_MODULES = YES;
				CLANG_ENABLE_OBJC_ARC = YES;
				CLANG_ENABLE_OBJC_WEAK = YES;
				CLANG_WARN_BLOCK_CAPTURE_AUTORELEASING = YES;
				CLANG_WARN_BOOL_CONVERSION = YES;
				CLANG_WARN_COMMA = YES;
				CLANG_WARN_CONSTANT_CONVERSION = YES;
				CLANG_WARN_DEPRECATED_OBJC_IMPLEMENTATIONS = YES;
				CLANG_WARN_DIRECT_OBJC_ISA_USAGE = YES_ERROR;
				CLANG_WARN_DOCUMENTATION_COMMENTS = YES;
				CLANG_WARN_EMPTY_BODY = YES;
				CLANG_WARN_ENUM_CONVERSION = YES;
				CLANG_WARN_INFINITE_RECURSION = YES;
				CLANG_WARN_INT_CONVERSION = YES;
				CLANG_WARN_NON_LITERAL_NULL_CONVERSION = YES;
				CLANG_WARN_OBJC_IMPLICIT_RETAIN_SELF = YES;
				CLANG_WARN_OBJC_LITERAL_CONVERSION = YES;
				CLANG_WARN_OBJC_ROOT_CLASS = YES_ERROR;
				CLANG_WARN_QUOTED_INCLUDE_IN_FRAMEWORK_HEADER = YES;
				CLANG_WARN_RANGE_LOOP_ANALYSIS = YES;
				CLANG_WARN_STRICT_PROTOTYPES = YES;
				CLANG_WARN_SUSPICIOUS_MOVE = YES;
				CLANG_WARN_UNGUARDED_AVAILABILITY = YES_AGGRESSIVE;
				CLANG_WARN_UNREACHABLE_CODE = YES;
				CLANG_WARN__DUPLICATE_METHOD_MATCH = YES;
				COPY_PHASE_STRIP = NO;
				DEBUG_INFORMATION_FORMAT = dwarf;
				ENABLE_STRICT_OBJC_MSGSEND = YES;
				ENABLE_TESTABILITY = YES;
				GCC_C_LANGUAGE_STANDARD = gnu11;
				GCC_DYNAMIC_NO_PIC = NO;
				GCC_NO_COMMON_BLOCKS = YES;
				GCC_OPTIMIZATION_LEVEL = 0;
				GCC_PREPROCESSOR_DEFINITIONS = (
					"DEBUG=1",
					"$(inherited)",
				);
				GCC_WARN_64_TO_32_BIT_CONVERSION = YES;
				GCC_WARN_ABOUT_RETURN_TYPE = YES_ERROR;
				GCC_WARN_UNDECLARED_SELECTOR = YES;
				GCC_WARN_UNINITIALIZED_AUTOS = YES_AGGRESSIVE;
				GCC_WARN_UNUSED_FUNCTION = YES;
				GCC_WARN_UNUSED_VARIABLE = YES;
				IPHONEOS_DEPLOYMENT_TARGET = 15.0;
				MTL_ENABLE_DEBUG_INFO = INCLUDE_SOURCE;
				MTL_FAST_MATH = YES;
				ONLY_ACTIVE_ARCH = YES;
				SDKROOT = iphoneos;
				SWIFT_ACTIVE_COMPILATION_CONDITIONS = DEBUG;
				SWIFT_OPTIMIZATION_LEVEL = "-Onone";
			};
			name = Debug;
		};
		AFCAD2DE2743B30C00B158C9 /* Release */ = {
			isa = XCBuildConfiguration;
			buildSettings = {
				ALWAYS_SEARCH_USER_PATHS = NO;
				CLANG_ANALYZER_NONNULL = YES;
				CLANG_ANALYZER_NUMBER_OBJECT_CONVERSION = YES_AGGRESSIVE;
				CLANG_CXX_LANGUAGE_STANDARD = "gnu++17";
				CLANG_CXX_LIBRARY = "libc++";
				CLANG_ENABLE_MODULES = YES;
				CLANG_ENABLE_OBJC_ARC = YES;
				CLANG_ENABLE_OBJC_WEAK = YES;
				CLANG_WARN_BLOCK_CAPTURE_AUTORELEASING = YES;
				CLANG_WARN_BOOL_CONVERSION = YES;
				CLANG_WARN_COMMA = YES;
				CLANG_WARN_CONSTANT_CONVERSION = YES;
				CLANG_WARN_DEPRECATED_OBJC_IMPLEMENTATIONS = YES;
				CLANG_WARN_DIRECT_OBJC_ISA_USAGE = YES_ERROR;
				CLANG_WARN_DOCUMENTATION_COMMENTS = YES;
				CLANG_WARN_EMPTY_BODY = YES;
				CLANG_WARN_ENUM_CONVERSION = YES;
				CLANG_WARN_INFINITE_RECURSION = YES;
				CLANG_WARN_INT_CONVERSION = YES;
				CLANG_WARN_NON_LITERAL_NULL_CONVERSION = YES;
				CLANG_WARN_OBJC_IMPLICIT_RETAIN_SELF = YES;
				CLANG_WARN_OBJC_LITERAL_CONVERSION = YES;
				CLANG_WARN_OBJC_ROOT_CLASS = YES_ERROR;
				CLANG_WARN_QUOTED_INCLUDE_IN_FRAMEWORK_HEADER = YES;
				CLANG_WARN_RANGE_LOOP_ANALYSIS = YES;
				CLANG_WARN_STRICT_PROTOTYPES = YES;
				CLANG_WARN_SUSPICIOUS_MOVE = YES;
				CLANG_WARN_UNGUARDED_AVAILABILITY = YES_AGGRESSIVE;
				CLANG_WARN_UNREACHABLE_CODE = YES;
				CLANG_WARN__DUPLICATE_METHOD_MATCH = YES;
				COPY_PHASE_STRIP = NO;
				DEBUG_INFORMATION_FORMAT = "dwarf-with-dsym";
				ENABLE_NS_ASSERTIONS = NO;
				ENABLE_STRICT_OBJC_MSGSEND = YES;
				GCC_C_LANGUAGE_STANDARD = gnu11;
				GCC_NO_COMMON_BLOCKS = YES;
				GCC_WARN_64_TO_32_BIT_CONVERSION = YES;
				GCC_WARN_ABOUT_RETURN_TYPE = YES_ERROR;
				GCC_WARN_UNDECLARED_SELECTOR = YES;
				GCC_WARN_UNINITIALIZED_AUTOS = YES_AGGRESSIVE;
				GCC_WARN_UNUSED_FUNCTION = YES;
				GCC_WARN_UNUSED_VARIABLE = YES;
				IPHONEOS_DEPLOYMENT_TARGET = 15.0;
				MTL_ENABLE_DEBUG_INFO = NO;
				MTL_FAST_MATH = YES;
				SDKROOT = iphoneos;
				SWIFT_COMPILATION_MODE = wholemodule;
				SWIFT_OPTIMIZATION_LEVEL = "-O";
				VALIDATE_PRODUCT = YES;
			};
			name = Release;
		};
		AFCAD2E02743B30C00B158C9 /* Debug */ = {
			isa = XCBuildConfiguration;
			buildSettings = {
				ASSETCATALOG_COMPILER_APPICON_NAME = AppIcon;
				ASSETCATALOG_COMPILER_GLOBAL_ACCENT_COLOR_NAME = AccentColor;
				CODE_SIGN_STYLE = Automatic;
				CURRENT_PROJECT_VERSION = 1;
				DEVELOPMENT_TEAM = 8R3N359429;
				GENERATE_INFOPLIST_FILE = YES;
				INFOPLIST_FILE = FingerGame/Info.plist;
				INFOPLIST_KEY_UIApplicationSupportsIndirectInputEvents = YES;
				INFOPLIST_KEY_UILaunchStoryboardName = LaunchScreen;
				INFOPLIST_KEY_UIMainStoryboardFile = Main;
				INFOPLIST_KEY_UISupportedInterfaceOrientations_iPad = "UIInterfaceOrientationPortrait UIInterfaceOrientationPortraitUpsideDown UIInterfaceOrientationLandscapeLeft UIInterfaceOrientationLandscapeRight";
				INFOPLIST_KEY_UISupportedInterfaceOrientations_iPhone = "UIInterfaceOrientationPortrait UIInterfaceOrientationLandscapeLeft UIInterfaceOrientationLandscapeRight";
				LD_RUNPATH_SEARCH_PATHS = (
					"$(inherited)",
					"@executable_path/Frameworks",
				);
				MARKETING_VERSION = 1.0;
				PRODUCT_BUNDLE_IDENTIFIER = com.sozohoy.FingerGame;
				PRODUCT_NAME = "$(TARGET_NAME)";
				SWIFT_EMIT_LOC_STRINGS = YES;
				SWIFT_VERSION = 5.0;
				TARGETED_DEVICE_FAMILY = "1,2";
			};
			name = Debug;
		};
		AFCAD2E12743B30C00B158C9 /* Release */ = {
			isa = XCBuildConfiguration;
			buildSettings = {
				ASSETCATALOG_COMPILER_APPICON_NAME = AppIcon;
				ASSETCATALOG_COMPILER_GLOBAL_ACCENT_COLOR_NAME = AccentColor;
				CODE_SIGN_STYLE = Automatic;
				CURRENT_PROJECT_VERSION = 1;
				DEVELOPMENT_TEAM = 8R3N359429;
				GENERATE_INFOPLIST_FILE = YES;
				INFOPLIST_FILE = FingerGame/Info.plist;
				INFOPLIST_KEY_UIApplicationSupportsIndirectInputEvents = YES;
				INFOPLIST_KEY_UILaunchStoryboardName = LaunchScreen;
				INFOPLIST_KEY_UIMainStoryboardFile = Main;
				INFOPLIST_KEY_UISupportedInterfaceOrientations_iPad = "UIInterfaceOrientationPortrait UIInterfaceOrientationPortraitUpsideDown UIInterfaceOrientationLandscapeLeft UIInterfaceOrientationLandscapeRight";
				INFOPLIST_KEY_UISupportedInterfaceOrientations_iPhone = "UIInterfaceOrientationPortrait UIInterfaceOrientationLandscapeLeft UIInterfaceOrientationLandscapeRight";
				LD_RUNPATH_SEARCH_PATHS = (
					"$(inherited)",
					"@executable_path/Frameworks",
				);
				MARKETING_VERSION = 1.0;
				PRODUCT_BUNDLE_IDENTIFIER = com.sozohoy.FingerGame;
				PRODUCT_NAME = "$(TARGET_NAME)";
				SWIFT_EMIT_LOC_STRINGS = YES;
				SWIFT_VERSION = 5.0;
				TARGETED_DEVICE_FAMILY = "1,2";
			};
			name = Release;
		};
/* End XCBuildConfiguration section */

/* Begin XCConfigurationList section */
		AFCAD2C62743B30A00B158C9 /* Build configuration list for PBXProject "FingerGame" */ = {
			isa = XCConfigurationList;
			buildConfigurations = (
				AFCAD2DD2743B30C00B158C9 /* Debug */,
				AFCAD2DE2743B30C00B158C9 /* Release */,
			);
			defaultConfigurationIsVisible = 0;
			defaultConfigurationName = Release;
		};
		AFCAD2DF2743B30C00B158C9 /* Build configuration list for PBXNativeTarget "FingerGame" */ = {
			isa = XCConfigurationList;
			buildConfigurations = (
				AFCAD2E02743B30C00B158C9 /* Debug */,
				AFCAD2E12743B30C00B158C9 /* Release */,
			);
			defaultConfigurationIsVisible = 0;
			defaultConfigurationName = Release;
		};
/* End XCConfigurationList section */
	};
	rootObject = AFCAD2C32743B30A00B158C9 /* Project object */;
}
