// !$*UTF8*$!
{
	archiveVersion = 1;
	classes = {
	};
	objectVersion = 55;
	objects = {

/* Begin PBXBuildFile section */
		AFCAD1E02739147800B158C9 /* AppDelegate.swift in Sources */ = {isa = PBXBuildFile; fileRef = AFCAD1DF2739147800B158C9 /* AppDelegate.swift */; };
		AFCAD1E22739147800B158C9 /* SceneDelegate.swift in Sources */ = {isa = PBXBuildFile; fileRef = AFCAD1E12739147800B158C9 /* SceneDelegate.swift */; };
		AFCAD1E42739147800B158C9 /* ViewController.swift in Sources */ = {isa = PBXBuildFile; fileRef = AFCAD1E32739147800B158C9 /* ViewController.swift */; };
		AFCAD1E72739147800B158C9 /* Main.storyboard in Resources */ = {isa = PBXBuildFile; fileRef = AFCAD1E52739147800B158C9 /* Main.storyboard */; };
		AFCAD1E92739147900B158C9 /* Assets.xcassets in Resources */ = {isa = PBXBuildFile; fileRef = AFCAD1E82739147900B158C9 /* Assets.xcassets */; };
		AFCAD1EC2739147900B158C9 /* LaunchScreen.storyboard in Resources */ = {isa = PBXBuildFile; fileRef = AFCAD1EA2739147900B158C9 /* LaunchScreen.storyboard */; };
		AFCAD1F42739187E00B158C9 /* ChickenInputViewController.swift in Sources */ = {isa = PBXBuildFile; fileRef = AFCAD1F32739187E00B158C9 /* ChickenInputViewController.swift */; };
		AFCAD1F62739189C00B158C9 /* ChickenOutputViewController.swift in Sources */ = {isa = PBXBuildFile; fileRef = AFCAD1F52739189C00B158C9 /* ChickenOutputViewController.swift */; };
/* End PBXBuildFile section */

/* Begin PBXFileReference section */
		AFCAD1DC2739147800B158C9 /* FibonaChicken.app */ = {isa = PBXFileReference; explicitFileType = wrapper.application; includeInIndex = 0; path = FibonaChicken.app; sourceTree = BUILT_PRODUCTS_DIR; };
		AFCAD1DF2739147800B158C9 /* AppDelegate.swift */ = {isa = PBXFileReference; lastKnownFileType = sourcecode.swift; path = AppDelegate.swift; sourceTree = "<group>"; };
		AFCAD1E12739147800B158C9 /* SceneDelegate.swift */ = {isa = PBXFileReference; lastKnownFileType = sourcecode.swift; path = SceneDelegate.swift; sourceTree = "<group>"; };
		AFCAD1E32739147800B158C9 /* ViewController.swift */ = {isa = PBXFileReference; lastKnownFileType = sourcecode.swift; path = ViewController.swift; sourceTree = "<group>"; };
		AFCAD1E62739147800B158C9 /* Base */ = {isa = PBXFileReference; lastKnownFileType = file.storyboard; name = Base; path = Base.lproj/Main.storyboard; sourceTree = "<group>"; };
		AFCAD1E82739147900B158C9 /* Assets.xcassets */ = {isa = PBXFileReference; lastKnownFileType = folder.assetcatalog; path = Assets.xcassets; sourceTree = "<group>"; };
		AFCAD1EB2739147900B158C9 /* Base */ = {isa = PBXFileReference; lastKnownFileType = file.storyboard; name = Base; path = Base.lproj/LaunchScreen.storyboard; sourceTree = "<group>"; };
		AFCAD1ED2739147900B158C9 /* Info.plist */ = {isa = PBXFileReference; lastKnownFileType = text.plist.xml; path = Info.plist; sourceTree = "<group>"; };
		AFCAD1F32739187E00B158C9 /* ChickenInputViewController.swift */ = {isa = PBXFileReference; lastKnownFileType = sourcecode.swift; path = ChickenInputViewController.swift; sourceTree = "<group>"; };
		AFCAD1F52739189C00B158C9 /* ChickenOutputViewController.swift */ = {isa = PBXFileReference; lastKnownFileType = sourcecode.swift; path = ChickenOutputViewController.swift; sourceTree = "<group>"; };
/* End PBXFileReference section */

/* Begin PBXFrameworksBuildPhase section */
		AFCAD1D92739147800B158C9 /* Frameworks */ = {
			isa = PBXFrameworksBuildPhase;
			buildActionMask = 2147483647;
			files = (
			);
			runOnlyForDeploymentPostprocessing = 0;
		};
/* End PBXFrameworksBuildPhase section */

/* Begin PBXGroup section */
		AFCAD1D32739147800B158C9 = {
			isa = PBXGroup;
			children = (
				AFCAD1DE2739147800B158C9 /* FibonaChicken */,
				AFCAD1DD2739147800B158C9 /* Products */,
			);
			sourceTree = "<group>";
		};
		AFCAD1DD2739147800B158C9 /* Products */ = {
			isa = PBXGroup;
			children = (
				AFCAD1DC2739147800B158C9 /* FibonaChicken.app */,
			);
			name = Products;
			sourceTree = "<group>";
		};
		AFCAD1DE2739147800B158C9 /* FibonaChicken */ = {
			isa = PBXGroup;
			children = (
				AFCAD1DF2739147800B158C9 /* AppDelegate.swift */,
				AFCAD1E12739147800B158C9 /* SceneDelegate.swift */,
				AFCAD1E32739147800B158C9 /* ViewController.swift */,
				AFCAD1F32739187E00B158C9 /* ChickenInputViewController.swift */,
				AFCAD1F52739189C00B158C9 /* ChickenOutputViewController.swift */,
				AFCAD1E52739147800B158C9 /* Main.storyboard */,
				AFCAD1E82739147900B158C9 /* Assets.xcassets */,
				AFCAD1EA2739147900B158C9 /* LaunchScreen.storyboard */,
				AFCAD1ED2739147900B158C9 /* Info.plist */,
			);
			path = FibonaChicken;
			sourceTree = "<group>";
		};
/* End PBXGroup section */

/* Begin PBXNativeTarget section */
		AFCAD1DB2739147800B158C9 /* FibonaChicken */ = {
			isa = PBXNativeTarget;
			buildConfigurationList = AFCAD1F02739147900B158C9 /* Build configuration list for PBXNativeTarget "FibonaChicken" */;
			buildPhases = (
				AFCAD1D82739147800B158C9 /* Sources */,
				AFCAD1D92739147800B158C9 /* Frameworks */,
				AFCAD1DA2739147800B158C9 /* Resources */,
			);
			buildRules = (
			);
			dependencies = (
			);
			name = FibonaChicken;
			productName = FibonaChicken;
			productReference = AFCAD1DC2739147800B158C9 /* FibonaChicken.app */;
			productType = "com.apple.product-type.application";
		};
/* End PBXNativeTarget section */

/* Begin PBXProject section */
		AFCAD1D42739147800B158C9 /* Project object */ = {
			isa = PBXProject;
			attributes = {
				BuildIndependentTargetsInParallel = 1;
				LastSwiftUpdateCheck = 1310;
				LastUpgradeCheck = 1310;
				TargetAttributes = {
					AFCAD1DB2739147800B158C9 = {
						CreatedOnToolsVersion = 13.1;
					};
				};
			};
			buildConfigurationList = AFCAD1D72739147800B158C9 /* Build configuration list for PBXProject "FibonaChicken" */;
			compatibilityVersion = "Xcode 13.0";
			developmentRegion = en;
			hasScannedForEncodings = 0;
			knownRegions = (
				en,
				Base,
			);
			mainGroup = AFCAD1D32739147800B158C9;
			productRefGroup = AFCAD1DD2739147800B158C9 /* Products */;
			projectDirPath = "";
			projectRoot = "";
			targets = (
				AFCAD1DB2739147800B158C9 /* FibonaChicken */,
			);
		};
/* End PBXProject section */

/* Begin PBXResourcesBuildPhase section */
		AFCAD1DA2739147800B158C9 /* Resources */ = {
			isa = PBXResourcesBuildPhase;
			buildActionMask = 2147483647;
			files = (
				AFCAD1EC2739147900B158C9 /* LaunchScreen.storyboard in Resources */,
				AFCAD1E92739147900B158C9 /* Assets.xcassets in Resources */,
				AFCAD1E72739147800B158C9 /* Main.storyboard in Resources */,
			);
			runOnlyForDeploymentPostprocessing = 0;
		};
/* End PBXResourcesBuildPhase section */

/* Begin PBXSourcesBuildPhase section */
		AFCAD1D82739147800B158C9 /* Sources */ = {
			isa = PBXSourcesBuildPhase;
			buildActionMask = 2147483647;
			files = (
				AFCAD1E42739147800B158C9 /* ViewController.swift in Sources */,
				AFCAD1E02739147800B158C9 /* AppDelegate.swift in Sources */,
				AFCAD1F62739189C00B158C9 /* ChickenOutputViewController.swift in Sources */,
				AFCAD1F42739187E00B158C9 /* ChickenInputViewController.swift in Sources */,
				AFCAD1E22739147800B158C9 /* SceneDelegate.swift in Sources */,
			);
			runOnlyForDeploymentPostprocessing = 0;
		};
/* End PBXSourcesBuildPhase section */

/* Begin PBXVariantGroup section */
		AFCAD1E52739147800B158C9 /* Main.storyboard */ = {
			isa = PBXVariantGroup;
			children = (
				AFCAD1E62739147800B158C9 /* Base */,
			);
			name = Main.storyboard;
			sourceTree = "<group>";
		};
		AFCAD1EA2739147900B158C9 /* LaunchScreen.storyboard */ = {
			isa = PBXVariantGroup;
			children = (
				AFCAD1EB2739147900B158C9 /* Base */,
			);
			name = LaunchScreen.storyboard;
			sourceTree = "<group>";
		};
/* End PBXVariantGroup section */

/* Begin XCBuildConfiguration section */
		AFCAD1EE2739147900B158C9 /* Debug */ = {
			isa = XCBuildConfiguration;
			buildSettings = {
				ALWAYS_SEARCH_USER_PATHS = NO;
				CLANG_ANALYZER_NONNULL = YES;
				CLANG_ANALYZER_NUMBER_OBJECT_CONVERSION = YES_AGGRESSIVE;
				CLANG_CXX_LANGUAGE_STANDARD = "gnu++17";
				CLANG_CXX_LIBRARY = "libc++";
				CLANG_ENABLE_MODULES = YES;
				CLANG_ENABLE_OBJC_ARC = YES;
				CLANG_ENABLE_OBJC_WEAK = YES;
				CLANG_WARN_BLOCK_CAPTURE_AUTORELEASING = YES;
				CLANG_WARN_BOOL_CONVERSION = YES;
				CLANG_WARN_COMMA = YES;
				CLANG_WARN_CONSTANT_CONVERSION = YES;
				CLANG_WARN_DEPRECATED_OBJC_IMPLEMENTATIONS = YES;
				CLANG_WARN_DIRECT_OBJC_ISA_USAGE = YES_ERROR;
				CLANG_WARN_DOCUMENTATION_COMMENTS = YES;
				CLANG_WARN_EMPTY_BODY = YES;
				CLANG_WARN_ENUM_CONVERSION = YES;
				CLANG_WARN_INFINITE_RECURSION = YES;
				CLANG_WARN_INT_CONVERSION = YES;
				CLANG_WARN_NON_LITERAL_NULL_CONVERSION = YES;
				CLANG_WARN_OBJC_IMPLICIT_RETAIN_SELF = YES;
				CLANG_WARN_OBJC_LITERAL_CONVERSION = YES;
				CLANG_WARN_OBJC_ROOT_CLASS = YES_ERROR;
				CLANG_WARN_QUOTED_INCLUDE_IN_FRAMEWORK_HEADER = YES;
				CLANG_WARN_RANGE_LOOP_ANALYSIS = YES;
				CLANG_WARN_STRICT_PROTOTYPES = YES;
				CLANG_WARN_SUSPICIOUS_MOVE = YES;
				CLANG_WARN_UNGUARDED_AVAILABILITY = YES_AGGRESSIVE;
				CLANG_WARN_UNREACHABLE_CODE = YES;
				CLANG_WARN__DUPLICATE_METHOD_MATCH = YES;
				COPY_PHASE_STRIP = NO;
				DEBUG_INFORMATION_FORMAT = dwarf;
				ENABLE_STRICT_OBJC_MSGSEND = YES;
				ENABLE_TESTABILITY = YES;
				GCC_C_LANGUAGE_STANDARD = gnu11;
				GCC_DYNAMIC_NO_PIC = NO;
				GCC_NO_COMMON_BLOCKS = YES;
				GCC_OPTIMIZATION_LEVEL = 0;
				GCC_PREPROCESSOR_DEFINITIONS = (
					"DEBUG=1",
					"$(inherited)",
				);
				GCC_WARN_64_TO_32_BIT_CONVERSION = YES;
				GCC_WARN_ABOUT_RETURN_TYPE = YES_ERROR;
				GCC_WARN_UNDECLARED_SELECTOR = YES;
				GCC_WARN_UNINITIALIZED_AUTOS = YES_AGGRESSIVE;
				GCC_WARN_UNUSED_FUNCTION = YES;
				GCC_WARN_UNUSED_VARIABLE = YES;
				IPHONEOS_DEPLOYMENT_TARGET = 15.0;
				MTL_ENABLE_DEBUG_INFO = INCLUDE_SOURCE;
				MTL_FAST_MATH = YES;
				ONLY_ACTIVE_ARCH = YES;
				SDKROOT = iphoneos;
				SWIFT_ACTIVE_COMPILATION_CONDITIONS = DEBUG;
				SWIFT_OPTIMIZATION_LEVEL = "-Onone";
			};
			name = Debug;
		};
		AFCAD1EF2739147900B158C9 /* Release */ = {
			isa = XCBuildConfiguration;
			buildSettings = {
				ALWAYS_SEARCH_USER_PATHS = NO;
				CLANG_ANALYZER_NONNULL = YES;
				CLANG_ANALYZER_NUMBER_OBJECT_CONVERSION = YES_AGGRESSIVE;
				CLANG_CXX_LANGUAGE_STANDARD = "gnu++17";
				CLANG_CXX_LIBRARY = "libc++";
				CLANG_ENABLE_MODULES = YES;
				CLANG_ENABLE_OBJC_ARC = YES;
				CLANG_ENABLE_OBJC_WEAK = YES;
				CLANG_WARN_BLOCK_CAPTURE_AUTORELEASING = YES;
				CLANG_WARN_BOOL_CONVERSION = YES;
				CLANG_WARN_COMMA = YES;
				CLANG_WARN_CONSTANT_CONVERSION = YES;
				CLANG_WARN_DEPRECATED_OBJC_IMPLEMENTATIONS = YES;
				CLANG_WARN_DIRECT_OBJC_ISA_USAGE = YES_ERROR;
				CLANG_WARN_DOCUMENTATION_COMMENTS = YES;
				CLANG_WARN_EMPTY_BODY = YES;
				CLANG_WARN_ENUM_CONVERSION = YES;
				CLANG_WARN_INFINITE_RECURSION = YES;
				CLANG_WARN_INT_CONVERSION = YES;
				CLANG_WARN_NON_LITERAL_NULL_CONVERSION = YES;
				CLANG_WARN_OBJC_IMPLICIT_RETAIN_SELF = YES;
				CLANG_WARN_OBJC_LITERAL_CONVERSION = YES;
				CLANG_WARN_OBJC_ROOT_CLASS = YES_ERROR;
				CLANG_WARN_QUOTED_INCLUDE_IN_FRAMEWORK_HEADER = YES;
				CLANG_WARN_RANGE_LOOP_ANALYSIS = YES;
				CLANG_WARN_STRICT_PROTOTYPES = YES;
				CLANG_WARN_SUSPICIOUS_MOVE = YES;
				CLANG_WARN_UNGUARDED_AVAILABILITY = YES_AGGRESSIVE;
				CLANG_WARN_UNREACHABLE_CODE = YES;
				CLANG_WARN__DUPLICATE_METHOD_MATCH = YES;
				COPY_PHASE_STRIP = NO;
				DEBUG_INFORMATION_FORMAT = "dwarf-with-dsym";
				ENABLE_NS_ASSERTIONS = NO;
				ENABLE_STRICT_OBJC_MSGSEND = YES;
				GCC_C_LANGUAGE_STANDARD = gnu11;
				GCC_NO_COMMON_BLOCKS = YES;
				GCC_WARN_64_TO_32_BIT_CONVERSION = YES;
				GCC_WARN_ABOUT_RETURN_TYPE = YES_ERROR;
				GCC_WARN_UNDECLARED_SELECTOR = YES;
				GCC_WARN_UNINITIALIZED_AUTOS = YES_AGGRESSIVE;
				GCC_WARN_UNUSED_FUNCTION = YES;
				GCC_WARN_UNUSED_VARIABLE = YES;
				IPHONEOS_DEPLOYMENT_TARGET = 15.0;
				MTL_ENABLE_DEBUG_INFO = NO;
				MTL_FAST_MATH = YES;
				SDKROOT = iphoneos;
				SWIFT_COMPILATION_MODE = wholemodule;
				SWIFT_OPTIMIZATION_LEVEL = "-O";
				VALIDATE_PRODUCT = YES;
			};
			name = Release;
		};
		AFCAD1F12739147900B158C9 /* Debug */ = {
			isa = XCBuildConfiguration;
			buildSettings = {
				ASSETCATALOG_COMPILER_APPICON_NAME = AppIcon;
				ASSETCATALOG_COMPILER_GLOBAL_ACCENT_COLOR_NAME = AccentColor;
				CODE_SIGN_STYLE = Automatic;
				CURRENT_PROJECT_VERSION = 1;
				DEVELOPMENT_TEAM = 8R3N359429;
				GENERATE_INFOPLIST_FILE = YES;
				INFOPLIST_FILE = FibonaChicken/Info.plist;
				INFOPLIST_KEY_UIApplicationSupportsIndirectInputEvents = YES;
				INFOPLIST_KEY_UILaunchStoryboardName = LaunchScreen;
				INFOPLIST_KEY_UIMainStoryboardFile = Main;
				INFOPLIST_KEY_UISupportedInterfaceOrientations_iPad = "UIInterfaceOrientationPortrait UIInterfaceOrientationPortraitUpsideDown UIInterfaceOrientationLandscapeLeft UIInterfaceOrientationLandscapeRight";
				INFOPLIST_KEY_UISupportedInterfaceOrientations_iPhone = "UIInterfaceOrientationPortrait UIInterfaceOrientationLandscapeLeft UIInterfaceOrientationLandscapeRight";
				LD_RUNPATH_SEARCH_PATHS = (
					"$(inherited)",
					"@executable_path/Frameworks",
				);
				MARKETING_VERSION = 1.0;
				PRODUCT_BUNDLE_IDENTIFIER = com.sozohoy.FibonaChicken;
				PRODUCT_NAME = "$(TARGET_NAME)";
				SWIFT_EMIT_LOC_STRINGS = YES;
				SWIFT_VERSION = 5.0;
				TARGETED_DEVICE_FAMILY = "1,2";
			};
			name = Debug;
		};
		AFCAD1F22739147900B158C9 /* Release */ = {
			isa = XCBuildConfiguration;
			buildSettings = {
				ASSETCATALOG_COMPILER_APPICON_NAME = AppIcon;
				ASSETCATALOG_COMPILER_GLOBAL_ACCENT_COLOR_NAME = AccentColor;
				CODE_SIGN_STYLE = Automatic;
				CURRENT_PROJECT_VERSION = 1;
				DEVELOPMENT_TEAM = 8R3N359429;
				GENERATE_INFOPLIST_FILE = YES;
				INFOPLIST_FILE = FibonaChicken/Info.plist;
				INFOPLIST_KEY_UIApplicationSupportsIndirectInputEvents = YES;
				INFOPLIST_KEY_UILaunchStoryboardName = LaunchScreen;
				INFOPLIST_KEY_UIMainStoryboardFile = Main;
				INFOPLIST_KEY_UISupportedInterfaceOrientations_iPad = "UIInterfaceOrientationPortrait UIInterfaceOrientationPortraitUpsideDown UIInterfaceOrientationLandscapeLeft UIInterfaceOrientationLandscapeRight";
				INFOPLIST_KEY_UISupportedInterfaceOrientations_iPhone = "UIInterfaceOrientationPortrait UIInterfaceOrientationLandscapeLeft UIInterfaceOrientationLandscapeRight";
				LD_RUNPATH_SEARCH_PATHS = (
					"$(inherited)",
					"@executable_path/Frameworks",
				);
				MARKETING_VERSION = 1.0;
				PRODUCT_BUNDLE_IDENTIFIER = com.sozohoy.FibonaChicken;
				PRODUCT_NAME = "$(TARGET_NAME)";
				SWIFT_EMIT_LOC_STRINGS = YES;
				SWIFT_VERSION = 5.0;
				TARGETED_DEVICE_FAMILY = "1,2";
			};
			name = Release;
		};
/* End XCBuildConfiguration section */

/* Begin XCConfigurationList section */
		AFCAD1D72739147800B158C9 /* Build configuration list for PBXProject "FibonaChicken" */ = {
			isa = XCConfigurationList;
			buildConfigurations = (
				AFCAD1EE2739147900B158C9 /* Debug */,
				AFCAD1EF2739147900B158C9 /* Release */,
			);
			defaultConfigurationIsVisible = 0;
			defaultConfigurationName = Release;
		};
		AFCAD1F02739147900B158C9 /* Build configuration list for PBXNativeTarget "FibonaChicken" */ = {
			isa = XCConfigurationList;
			buildConfigurations = (
				AFCAD1F12739147900B158C9 /* Debug */,
				AFCAD1F22739147900B158C9 /* Release */,
			);
			defaultConfigurationIsVisible = 0;
			defaultConfigurationName = Release;
		};
/* End XCConfigurationList section */
	};
	rootObject = AFCAD1D42739147800B158C9 /* Project object */;
}
