// !$*UTF8*$!
{
	archiveVersion = 1;
	classes = {
	};
	objectVersion = 55;
	objects = {

/* Begin PBXBuildFile section */
		AFE6E7BF2782DD2D0042439A /* AppDelegate.swift in Sources */ = {isa = PBXBuildFile; fileRef = AFE6E7BE2782DD2D0042439A /* AppDelegate.swift */; };
		AFE6E7C12782DD2D0042439A /* SceneDelegate.swift in Sources */ = {isa = PBXBuildFile; fileRef = AFE6E7C02782DD2D0042439A /* SceneDelegate.swift */; };
		AFE6E7C32782DD2D0042439A /* ViewController.swift in Sources */ = {isa = PBXBuildFile; fileRef = AFE6E7C22782DD2D0042439A /* ViewController.swift */; };
		AFE6E7C62782DD2D0042439A /* Main.storyboard in Resources */ = {isa = PBXBuildFile; fileRef = AFE6E7C42782DD2D0042439A /* Main.storyboard */; };
		AFE6E7C92782DD2D0042439A /* autoLoginTest.xcdatamodeld in Sources */ = {isa = PBXBuildFile; fileRef = AFE6E7C72782DD2D0042439A /* autoLoginTest.xcdatamodeld */; };
		AFE6E7CB2782DD2F0042439A /* Assets.xcassets in Resources */ = {isa = PBXBuildFile; fileRef = AFE6E7CA2782DD2F0042439A /* Assets.xcassets */; };
		AFE6E7CE2782DD2F0042439A /* LaunchScreen.storyboard in Resources */ = {isa = PBXBuildFile; fileRef = AFE6E7CC2782DD2F0042439A /* LaunchScreen.storyboard */; };
		AFE6E7D62782E1A50042439A /* Home.swift in Sources */ = {isa = PBXBuildFile; fileRef = AFE6E7D52782E1A50042439A /* Home.swift */; };
/* End PBXBuildFile section */

/* Begin PBXFileReference section */
		AFE6E7BB2782DD2D0042439A /* autoLoginTest.app */ = {isa = PBXFileReference; explicitFileType = wrapper.application; includeInIndex = 0; path = autoLoginTest.app; sourceTree = BUILT_PRODUCTS_DIR; };
		AFE6E7BE2782DD2D0042439A /* AppDelegate.swift */ = {isa = PBXFileReference; lastKnownFileType = sourcecode.swift; path = AppDelegate.swift; sourceTree = "<group>"; };
		AFE6E7C02782DD2D0042439A /* SceneDelegate.swift */ = {isa = PBXFileReference; lastKnownFileType = sourcecode.swift; path = SceneDelegate.swift; sourceTree = "<group>"; };
		AFE6E7C22782DD2D0042439A /* ViewController.swift */ = {isa = PBXFileReference; lastKnownFileType = sourcecode.swift; path = ViewController.swift; sourceTree = "<group>"; };
		AFE6E7C52782DD2D0042439A /* Base */ = {isa = PBXFileReference; lastKnownFileType = file.storyboard; name = Base; path = Base.lproj/Main.storyboard; sourceTree = "<group>"; };
		AFE6E7C82782DD2D0042439A /* autoLoginTest.xcdatamodel */ = {isa = PBXFileReference; lastKnownFileType = wrapper.xcdatamodel; path = autoLoginTest.xcdatamodel; sourceTree = "<group>"; };
		AFE6E7CA2782DD2F0042439A /* Assets.xcassets */ = {isa = PBXFileReference; lastKnownFileType = folder.assetcatalog; path = Assets.xcassets; sourceTree = "<group>"; };
		AFE6E7CD2782DD2F0042439A /* Base */ = {isa = PBXFileReference; lastKnownFileType = file.storyboard; name = Base; path = Base.lproj/LaunchScreen.storyboard; sourceTree = "<group>"; };
		AFE6E7CF2782DD2F0042439A /* Info.plist */ = {isa = PBXFileReference; lastKnownFileType = text.plist.xml; path = Info.plist; sourceTree = "<group>"; };
		AFE6E7D52782E1A50042439A /* Home.swift */ = {isa = PBXFileReference; lastKnownFileType = sourcecode.swift; path = Home.swift; sourceTree = "<group>"; };
/* End PBXFileReference section */

/* Begin PBXFrameworksBuildPhase section */
		AFE6E7B82782DD2D0042439A /* Frameworks */ = {
			isa = PBXFrameworksBuildPhase;
			buildActionMask = 2147483647;
			files = (
			);
			runOnlyForDeploymentPostprocessing = 0;
		};
/* End PBXFrameworksBuildPhase section */

/* Begin PBXGroup section */
		AFE6E7B22782DD2D0042439A = {
			isa = PBXGroup;
			children = (
				AFE6E7BD2782DD2D0042439A /* autoLoginTest */,
				AFE6E7BC2782DD2D0042439A /* Products */,
			);
			sourceTree = "<group>";
		};
		AFE6E7BC2782DD2D0042439A /* Products */ = {
			isa = PBXGroup;
			children = (
				AFE6E7BB2782DD2D0042439A /* autoLoginTest.app */,
			);
			name = Products;
			sourceTree = "<group>";
		};
		AFE6E7BD2782DD2D0042439A /* autoLoginTest */ = {
			isa = PBXGroup;
			children = (
				AFE6E7BE2782DD2D0042439A /* AppDelegate.swift */,
				AFE6E7C02782DD2D0042439A /* SceneDelegate.swift */,
				AFE6E7C22782DD2D0042439A /* ViewController.swift */,
				AFE6E7C42782DD2D0042439A /* Main.storyboard */,
				AFE6E7CA2782DD2F0042439A /* Assets.xcassets */,
				AFE6E7CC2782DD2F0042439A /* LaunchScreen.storyboard */,
				AFE6E7CF2782DD2F0042439A /* Info.plist */,
				AFE6E7C72782DD2D0042439A /* autoLoginTest.xcdatamodeld */,
				AFE6E7D52782E1A50042439A /* Home.swift */,
			);
			path = autoLoginTest;
			sourceTree = "<group>";
		};
/* End PBXGroup section */

/* Begin PBXNativeTarget section */
		AFE6E7BA2782DD2D0042439A /* autoLoginTest */ = {
			isa = PBXNativeTarget;
			buildConfigurationList = AFE6E7D22782DD2F0042439A /* Build configuration list for PBXNativeTarget "autoLoginTest" */;
			buildPhases = (
				AFE6E7B72782DD2D0042439A /* Sources */,
				AFE6E7B82782DD2D0042439A /* Frameworks */,
				AFE6E7B92782DD2D0042439A /* Resources */,
			);
			buildRules = (
			);
			dependencies = (
			);
			name = autoLoginTest;
			productName = autoLoginTest;
			productReference = AFE6E7BB2782DD2D0042439A /* autoLoginTest.app */;
			productType = "com.apple.product-type.application";
		};
/* End PBXNativeTarget section */

/* Begin PBXProject section */
		AFE6E7B32782DD2D0042439A /* Project object */ = {
			isa = PBXProject;
			attributes = {
				BuildIndependentTargetsInParallel = 1;
				LastSwiftUpdateCheck = 1310;
				LastUpgradeCheck = 1310;
				TargetAttributes = {
					AFE6E7BA2782DD2D0042439A = {
						CreatedOnToolsVersion = 13.1;
					};
				};
			};
			buildConfigurationList = AFE6E7B62782DD2D0042439A /* Build configuration list for PBXProject "autoLoginTest" */;
			compatibilityVersion = "Xcode 13.0";
			developmentRegion = en;
			hasScannedForEncodings = 0;
			knownRegions = (
				en,
				Base,
			);
			mainGroup = AFE6E7B22782DD2D0042439A;
			productRefGroup = AFE6E7BC2782DD2D0042439A /* Products */;
			projectDirPath = "";
			projectRoot = "";
			targets = (
				AFE6E7BA2782DD2D0042439A /* autoLoginTest */,
			);
		};
/* End PBXProject section */

/* Begin PBXResourcesBuildPhase section */
		AFE6E7B92782DD2D0042439A /* Resources */ = {
			isa = PBXResourcesBuildPhase;
			buildActionMask = 2147483647;
			files = (
				AFE6E7CE2782DD2F0042439A /* LaunchScreen.storyboard in Resources */,
				AFE6E7CB2782DD2F0042439A /* Assets.xcassets in Resources */,
				AFE6E7C62782DD2D0042439A /* Main.storyboard in Resources */,
			);
			runOnlyForDeploymentPostprocessing = 0;
		};
/* End PBXResourcesBuildPhase section */

/* Begin PBXSourcesBuildPhase section */
		AFE6E7B72782DD2D0042439A /* Sources */ = {
			isa = PBXSourcesBuildPhase;
			buildActionMask = 2147483647;
			files = (
				AFE6E7C92782DD2D0042439A /* autoLoginTest.xcdatamodeld in Sources */,
				AFE6E7C32782DD2D0042439A /* ViewController.swift in Sources */,
				AFE6E7D62782E1A50042439A /* Home.swift in Sources */,
				AFE6E7BF2782DD2D0042439A /* AppDelegate.swift in Sources */,
				AFE6E7C12782DD2D0042439A /* SceneDelegate.swift in Sources */,
			);
			runOnlyForDeploymentPostprocessing = 0;
		};
/* End PBXSourcesBuildPhase section */

/* Begin PBXVariantGroup section */
		AFE6E7C42782DD2D0042439A /* Main.storyboard */ = {
			isa = PBXVariantGroup;
			children = (
				AFE6E7C52782DD2D0042439A /* Base */,
			);
			name = Main.storyboard;
			sourceTree = "<group>";
		};
		AFE6E7CC2782DD2F0042439A /* LaunchScreen.storyboard */ = {
			isa = PBXVariantGroup;
			children = (
				AFE6E7CD2782DD2F0042439A /* Base */,
			);
			name = LaunchScreen.storyboard;
			sourceTree = "<group>";
		};
/* End PBXVariantGroup section */

/* Begin XCBuildConfiguration section */
		AFE6E7D02782DD2F0042439A /* Debug */ = {
			isa = XCBuildConfiguration;
			buildSettings = {
				ALWAYS_SEARCH_USER_PATHS = NO;
				CLANG_ANALYZER_NONNULL = YES;
				CLANG_ANALYZER_NUMBER_OBJECT_CONVERSION = YES_AGGRESSIVE;
				CLANG_CXX_LANGUAGE_STANDARD = "gnu++17";
				CLANG_CXX_LIBRARY = "libc++";
				CLANG_ENABLE_MODULES = YES;
				CLANG_ENABLE_OBJC_ARC = YES;
				CLANG_ENABLE_OBJC_WEAK = YES;
				CLANG_WARN_BLOCK_CAPTURE_AUTORELEASING = YES;
				CLANG_WARN_BOOL_CONVERSION = YES;
				CLANG_WARN_COMMA = YES;
				CLANG_WARN_CONSTANT_CONVERSION = YES;
				CLANG_WARN_DEPRECATED_OBJC_IMPLEMENTATIONS = YES;
				CLANG_WARN_DIRECT_OBJC_ISA_USAGE = YES_ERROR;
				CLANG_WARN_DOCUMENTATION_COMMENTS = YES;
				CLANG_WARN_EMPTY_BODY = YES;
				CLANG_WARN_ENUM_CONVERSION = YES;
				CLANG_WARN_INFINITE_RECURSION = YES;
				CLANG_WARN_INT_CONVERSION = YES;
				CLANG_WARN_NON_LITERAL_NULL_CONVERSION = YES;
				CLANG_WARN_OBJC_IMPLICIT_RETAIN_SELF = YES;
				CLANG_WARN_OBJC_LITERAL_CONVERSION = YES;
				CLANG_WARN_OBJC_ROOT_CLASS = YES_ERROR;
				CLANG_WARN_QUOTED_INCLUDE_IN_FRAMEWORK_HEADER = YES;
				CLANG_WARN_RANGE_LOOP_ANALYSIS = YES;
				CLANG_WARN_STRICT_PROTOTYPES = YES;
				CLANG_WARN_SUSPICIOUS_MOVE = YES;
				CLANG_WARN_UNGUARDED_AVAILABILITY = YES_AGGRESSIVE;
				CLANG_WARN_UNREACHABLE_CODE = YES;
				CLANG_WARN__DUPLICATE_METHOD_MATCH = YES;
				COPY_PHASE_STRIP = NO;
				DEBUG_INFORMATION_FORMAT = dwarf;
				ENABLE_STRICT_OBJC_MSGSEND = YES;
				ENABLE_TESTABILITY = YES;
				GCC_C_LANGUAGE_STANDARD = gnu11;
				GCC_DYNAMIC_NO_PIC = NO;
				GCC_NO_COMMON_BLOCKS = YES;
				GCC_OPTIMIZATION_LEVEL = 0;
				GCC_PREPROCESSOR_DEFINITIONS = (
					"DEBUG=1",
					"$(inherited)",
				);
				GCC_WARN_64_TO_32_BIT_CONVERSION = YES;
				GCC_WARN_ABOUT_RETURN_TYPE = YES_ERROR;
				GCC_WARN_UNDECLARED_SELECTOR = YES;
				GCC_WARN_UNINITIALIZED_AUTOS = YES_AGGRESSIVE;
				GCC_WARN_UNUSED_FUNCTION = YES;
				GCC_WARN_UNUSED_VARIABLE = YES;
				IPHONEOS_DEPLOYMENT_TARGET = 15.0;
				MTL_ENABLE_DEBUG_INFO = INCLUDE_SOURCE;
				MTL_FAST_MATH = YES;
				ONLY_ACTIVE_ARCH = YES;
				SDKROOT = iphoneos;
				SWIFT_ACTIVE_COMPILATION_CONDITIONS = DEBUG;
				SWIFT_OPTIMIZATION_LEVEL = "-Onone";
			};
			name = Debug;
		};
		AFE6E7D12782DD2F0042439A /* Release */ = {
			isa = XCBuildConfiguration;
			buildSettings = {
				ALWAYS_SEARCH_USER_PATHS = NO;
				CLANG_ANALYZER_NONNULL = YES;
				CLANG_ANALYZER_NUMBER_OBJECT_CONVERSION = YES_AGGRESSIVE;
				CLANG_CXX_LANGUAGE_STANDARD = "gnu++17";
				CLANG_CXX_LIBRARY = "libc++";
				CLANG_ENABLE_MODULES = YES;
				CLANG_ENABLE_OBJC_ARC = YES;
				CLANG_ENABLE_OBJC_WEAK = YES;
				CLANG_WARN_BLOCK_CAPTURE_AUTORELEASING = YES;
				CLANG_WARN_BOOL_CONVERSION = YES;
				CLANG_WARN_COMMA = YES;
				CLANG_WARN_CONSTANT_CONVERSION = YES;
				CLANG_WARN_DEPRECATED_OBJC_IMPLEMENTATIONS = YES;
				CLANG_WARN_DIRECT_OBJC_ISA_USAGE = YES_ERROR;
				CLANG_WARN_DOCUMENTATION_COMMENTS = YES;
				CLANG_WARN_EMPTY_BODY = YES;
				CLANG_WARN_ENUM_CONVERSION = YES;
				CLANG_WARN_INFINITE_RECURSION = YES;
				CLANG_WARN_INT_CONVERSION = YES;
				CLANG_WARN_NON_LITERAL_NULL_CONVERSION = YES;
				CLANG_WARN_OBJC_IMPLICIT_RETAIN_SELF = YES;
				CLANG_WARN_OBJC_LITERAL_CONVERSION = YES;
				CLANG_WARN_OBJC_ROOT_CLASS = YES_ERROR;
				CLANG_WARN_QUOTED_INCLUDE_IN_FRAMEWORK_HEADER = YES;
				CLANG_WARN_RANGE_LOOP_ANALYSIS = YES;
				CLANG_WARN_STRICT_PROTOTYPES = YES;
				CLANG_WARN_SUSPICIOUS_MOVE = YES;
				CLANG_WARN_UNGUARDED_AVAILABILITY = YES_AGGRESSIVE;
				CLANG_WARN_UNREACHABLE_CODE = YES;
				CLANG_WARN__DUPLICATE_METHOD_MATCH = YES;
				COPY_PHASE_STRIP = NO;
				DEBUG_INFORMATION_FORMAT = "dwarf-with-dsym";
				ENABLE_NS_ASSERTIONS = NO;
				ENABLE_STRICT_OBJC_MSGSEND = YES;
				GCC_C_LANGUAGE_STANDARD = gnu11;
				GCC_NO_COMMON_BLOCKS = YES;
				GCC_WARN_64_TO_32_BIT_CONVERSION = YES;
				GCC_WARN_ABOUT_RETURN_TYPE = YES_ERROR;
				GCC_WARN_UNDECLARED_SELECTOR = YES;
				GCC_WARN_UNINITIALIZED_AUTOS = YES_AGGRESSIVE;
				GCC_WARN_UNUSED_FUNCTION = YES;
				GCC_WARN_UNUSED_VARIABLE = YES;
				IPHONEOS_DEPLOYMENT_TARGET = 15.0;
				MTL_ENABLE_DEBUG_INFO = NO;
				MTL_FAST_MATH = YES;
				SDKROOT = iphoneos;
				SWIFT_COMPILATION_MODE = wholemodule;
				SWIFT_OPTIMIZATION_LEVEL = "-O";
				VALIDATE_PRODUCT = YES;
			};
			name = Release;
		};
		AFE6E7D32782DD2F0042439A /* Debug */ = {
			isa = XCBuildConfiguration;
			buildSettings = {
				ASSETCATALOG_COMPILER_APPICON_NAME = AppIcon;
				ASSETCATALOG_COMPILER_GLOBAL_ACCENT_COLOR_NAME = AccentColor;
				CODE_SIGN_STYLE = Automatic;
				CURRENT_PROJECT_VERSION = 1;
				DEVELOPMENT_TEAM = 8R3N359429;
				GENERATE_INFOPLIST_FILE = YES;
				INFOPLIST_FILE = autoLoginTest/Info.plist;
				INFOPLIST_KEY_UIApplicationSupportsIndirectInputEvents = YES;
				INFOPLIST_KEY_UILaunchStoryboardName = LaunchScreen;
				INFOPLIST_KEY_UIMainStoryboardFile = Main;
				INFOPLIST_KEY_UISupportedInterfaceOrientations_iPad = "UIInterfaceOrientationPortrait UIInterfaceOrientationPortraitUpsideDown UIInterfaceOrientationLandscapeLeft UIInterfaceOrientationLandscapeRight";
				INFOPLIST_KEY_UISupportedInterfaceOrientations_iPhone = "UIInterfaceOrientationPortrait UIInterfaceOrientationLandscapeLeft UIInterfaceOrientationLandscapeRight";
				LD_RUNPATH_SEARCH_PATHS = (
					"$(inherited)",
					"@executable_path/Frameworks",
				);
				MARKETING_VERSION = 1.0;
				PRODUCT_BUNDLE_IDENTIFIER = com.sozohoy.autoLoginTest;
				PRODUCT_NAME = "$(TARGET_NAME)";
				SWIFT_EMIT_LOC_STRINGS = YES;
				SWIFT_VERSION = 5.0;
				TARGETED_DEVICE_FAMILY = "1,2";
			};
			name = Debug;
		};
		AFE6E7D42782DD2F0042439A /* Release */ = {
			isa = XCBuildConfiguration;
			buildSettings = {
				ASSETCATALOG_COMPILER_APPICON_NAME = AppIcon;
				ASSETCATALOG_COMPILER_GLOBAL_ACCENT_COLOR_NAME = AccentColor;
				CODE_SIGN_STYLE = Automatic;
				CURRENT_PROJECT_VERSION = 1;
				DEVELOPMENT_TEAM = 8R3N359429;
				GENERATE_INFOPLIST_FILE = YES;
				INFOPLIST_FILE = autoLoginTest/Info.plist;
				INFOPLIST_KEY_UIApplicationSupportsIndirectInputEvents = YES;
				INFOPLIST_KEY_UILaunchStoryboardName = LaunchScreen;
				INFOPLIST_KEY_UIMainStoryboardFile = Main;
				INFOPLIST_KEY_UISupportedInterfaceOrientations_iPad = "UIInterfaceOrientationPortrait UIInterfaceOrientationPortraitUpsideDown UIInterfaceOrientationLandscapeLeft UIInterfaceOrientationLandscapeRight";
				INFOPLIST_KEY_UISupportedInterfaceOrientations_iPhone = "UIInterfaceOrientationPortrait UIInterfaceOrientationLandscapeLeft UIInterfaceOrientationLandscapeRight";
				LD_RUNPATH_SEARCH_PATHS = (
					"$(inherited)",
					"@executable_path/Frameworks",
				);
				MARKETING_VERSION = 1.0;
				PRODUCT_BUNDLE_IDENTIFIER = com.sozohoy.autoLoginTest;
				PRODUCT_NAME = "$(TARGET_NAME)";
				SWIFT_EMIT_LOC_STRINGS = YES;
				SWIFT_VERSION = 5.0;
				TARGETED_DEVICE_FAMILY = "1,2";
			};
			name = Release;
		};
/* End XCBuildConfiguration section */

/* Begin XCConfigurationList section */
		AFE6E7B62782DD2D0042439A /* Build configuration list for PBXProject "autoLoginTest" */ = {
			isa = XCConfigurationList;
			buildConfigurations = (
				AFE6E7D02782DD2F0042439A /* Debug */,
				AFE6E7D12782DD2F0042439A /* Release */,
			);
			defaultConfigurationIsVisible = 0;
			defaultConfigurationName = Release;
		};
		AFE6E7D22782DD2F0042439A /* Build configuration list for PBXNativeTarget "autoLoginTest" */ = {
			isa = XCConfigurationList;
			buildConfigurations = (
				AFE6E7D32782DD2F0042439A /* Debug */,
				AFE6E7D42782DD2F0042439A /* Release */,
			);
			defaultConfigurationIsVisible = 0;
			defaultConfigurationName = Release;
		};
/* End XCConfigurationList section */

/* Begin XCVersionGroup section */
		AFE6E7C72782DD2D0042439A /* autoLoginTest.xcdatamodeld */ = {
			isa = XCVersionGroup;
			children = (
				AFE6E7C82782DD2D0042439A /* autoLoginTest.xcdatamodel */,
			);
			currentVersion = AFE6E7C82782DD2D0042439A /* autoLoginTest.xcdatamodel */;
			path = autoLoginTest.xcdatamodeld;
			sourceTree = "<group>";
			versionGroupType = wrapper.xcdatamodel;
		};
/* End XCVersionGroup section */
	};
	rootObject = AFE6E7B32782DD2D0042439A /* Project object */;
}
